version = 1
revision = 2
requires-python = ">=3.12"

[[package]]
name = "02-get-current-ip"
version = "0.1.0"
source = { virtual = "." }
dependencies = [
    { name = "faker" },
]

[package.metadata]
requires-dist = [{ name = "faker", specifier = ">=37.4.2" }]

[[package]]
name = "faker"
version = "37.4.2"
source = { registry = "https://pypi.org/simple" }
dependencies = [
    { name = "tzdata" },
]
sdist = { url = "https://files.pythonhosted.org/packages/65/95/da573e055608e180086e2ac3208f8c15d8b44220912f565a9821b9bff33a/faker-37.4.2.tar.gz", hash = "sha256:8e281bbaea30e5658895b8bea21cc50d27aaf3a43db3f2694409ca5701c56b0a", size = 1902890, upload-time = "2025-07-15T16:38:24.803Z" }
wheels = [
    { url = "https://files.pythonhosted.org/packages/26/1c/b909a055be556c11f13cf058cfa0e152f9754d803ff3694a937efe300709/faker-37.4.2-py3-none-any.whl", hash = "sha256:b70ed1af57bfe988cbcd0afd95f4768c51eaf4e1ce8a30962e127ac5c139c93f", size = 1943179, upload-time = "2025-07-15T16:38:23.053Z" },
]

[[package]]
name = "tzdata"
version = "2025.2"
source = { registry = "https://pypi.org/simple" }
sdist = { url = "https://files.pythonhosted.org/packages/95/32/1a225d6164441be760d75c2c42e2780dc0873fe382da3e98a2e1e48361e5/tzdata-2025.2.tar.gz", hash = "sha256:b60a638fcc0daffadf82fe0f57e53d06bdec2f36c4df66280ae79bce6bd6f2b9", size = 196380, upload-time = "2025-03-23T13:54:43.652Z" }
wheels = [
    { url = "https://files.pythonhosted.org/packages/5c/23/c7abc0ca0a1526a0774eca151daeb8de62ec457e77262b66b359c3c7679e/tzdata-2025.2-py2.py3-none-any.whl", hash = "sha256:1a403fada01ff9221ca8044d701868fa132215d84beb92242d9acd2147f667a8", size = 347839, upload-time = "2025-03-23T13:54:41.845Z" },
]
